lockfileVersion: 5.4

specifiers:
  '@unocss/core': ^0.48.3
  pollen-css: ^4.6.2

devDependencies:
  '@unocss/core': 0.48.3
  pollen-css: 4.6.2

packages:

  /@unocss/core/0.48.3:
    resolution: {integrity: sha512-CHlJkXUoV4M35yrpFm6TUx6avdlVEbzjusSNVYhxbQC3Wii5XepY6VqswYmA9G29g9URSfl6IBTx5PBqx/lacw==}
    dev: true

  /balanced-match/1.0.2:
    resolution: {integrity: sha512-3oSeUO0TMV67hN1AmbXsK4yaqU7tjiHlbxRDZOpH0KW9+CeX4bRAaX0Anxt0tx2MrpRpWwQaPwIlISEJhYU5Pw==}
    dev: true

  /case/1.6.3:
    resolution: {integrity: sha512-mzDSXIPaFwVDvZAHqZ9VlbyF4yyXRuX6IvB06WvPYkqJVO24kX1PPhv9bfpKNFZyxYFmmgo03HUiD8iklmJYRQ==}
    engines: {node: '>= 0.8.0'}
    dev: true

  /commander/9.5.0:
    resolution: {integrity: sha512-KRs7WVDKg86PWiuAqhDrAQnTXZKraVcCc6vFdL14qrZ/DcWwuRo7VoiYXalXO7S5GKpqYiVEwCbgFDfxNHKJBQ==}
    engines: {node: ^12.20.0 || >=14}
    dev: true

  /css-vars-ponyfill/2.4.8:
    resolution: {integrity: sha512-4/j4AX4htytYHWyHVZ2BFQ+NoCGZEcOH2h4/2mmgE4SkrFg4Xq6tGYR77DtvvUIDsaXuJN+sj41bbgauA0Gfmg==}
    dependencies:
      balanced-match: 1.0.2
      get-css-data: 2.1.0
    dev: true

  /deepmerge/4.2.2:
    resolution: {integrity: sha512-FJ3UgI4gIl+PHZm53knsuSFpE+nESMr7M4v9QcgB7S63Kj/6WqMiFQJpBBYz1Pt+66bZpP3Q7Lye0Oo9MPKEdg==}
    engines: {node: '>=0.10.0'}
    dev: true

  /get-css-data/2.1.0:
    resolution: {integrity: sha512-HtPrzGk8aBF9rLeQNuImcXci7YVqsMEKzVflEWaCJu25ehxyDNiZRWoSxqSFUBfma8LERqKo70t/TcaGjIsM9g==}
    dev: true

  /javascript-stringify/2.1.0:
    resolution: {integrity: sha512-JVAfqNPTvNq3sB/VHQJAFxN/sPgKnsKrCwyRt15zwNCdrMMJDdcEOdubuy+DuJYYdm0ox1J4uzEuYKkN+9yhVg==}
    dev: true

  /lilconfig/2.0.6:
    resolution: {integrity: sha512-9JROoBW7pobfsx+Sq2JsASvCo6Pfo6WWoUW79HuB1BCoBXD4PLWJPqDF6fNj67pqBYTbAHkE57M1kS/+L1neOg==}
    engines: {node: '>=10'}
    dev: true

  /map-obj/5.0.2:
    resolution: {integrity: sha512-K6K2NgKnTXimT3779/4KxSvobxOtMmx1LBZ3NwRxT/MDIR3Br/fQ4Q+WCX5QxjyUR8zg5+RV9Tbf2c5pAWTD2A==}
    engines: {node: ^12.20.0 || ^14.13.1 || >=16.0.0}
    dev: true

  /pollen-css/4.6.2:
    resolution: {integrity: sha512-uSkmTx51xXOFR+Jd6SOaKRBUyNXIjKQ50hB6+bjkDyWjvlOG8CVn3bzPJJM8eRmqKJTd13GUJaKCPbq1Zi11OA==}
    hasBin: true
    dependencies:
      case: 1.6.3
      commander: 9.5.0
      css-vars-ponyfill: 2.4.8
      deepmerge: 4.2.2
      javascript-stringify: 2.1.0
      lilconfig: 2.0.6
      map-obj: 5.0.2
      prettier: 2.8.2
    dev: true

  /prettier/2.8.2:
    resolution: {integrity: sha512-BtRV9BcncDyI2tsuS19zzhzoxD8Dh8LiCx7j7tHzrkz8GFXAexeWFdi22mjE1d16dftH2qNaytVxqiRTGlMfpw==}
    engines: {node: '>=10.13.0'}
    hasBin: true
    dev: true
